
Microsoft Visual Studio Solution File, Format Version 12.00
# Visual Studio 15
VisualStudioVersion = 15.0.27703.2042
MinimumVisualStudioVersion = 10.0.40219.1
Project("{FAE04EC0-301F-11D3-BF4B-00C04F79EFBC}") = "LibraryManagementProj", "LibraryManagementProj\LibraryManagementProj.csproj", "{01DD8ED5-3FE0-45EB-B05A-3C4BD456636F}"
EndProject
Global
	GlobalSection(SolutionConfigurationPlatforms) = preSolution
		Debug|Any CPU = Debug|Any CPU
		Release|Any CPU = Release|Any CPU
	EndGlobalSection
	GlobalSection(ProjectConfigurationPlatforms) = postSolution
		{01DD8ED5-3FE0-45EB-B05A-3C4BD456636F}.Debug|Any CPU.ActiveCfg = Debug|Any CPU
		{01DD8ED5-3FE0-45EB-B05A-3C4BD456636F}.Debug|Any CPU.Build.0 = Debug|Any CPU
		{01DD8ED5-3FE0-45EB-B05A-3C4BD456636F}.Release|Any CPU.ActiveCfg = Release|Any CPU
		{01DD8ED5-3FE0-45EB-B05A-3C4BD456636F}.Release|Any CPU.Build.0 = Release|Any CPU
	EndGlobalSection
	GlobalSection(SolutionProperties) = preSolution
		HideSolutionNode = FALSE
	EndGlobalSection
	GlobalSection(ExtensibilityGlobals) = postSolution
		SolutionGuid = {D9957BCF-9C62-4D7E-8AF6-E6CC290834D6}
	EndGlobalSection
EndGlobal
